# This file is autogenerated, do not edit; changes may be undone by the next 'dep ensure'.


[[projects]]
  name = "github.com/ShogunPanda/tempera"
  packages = ["."]
  revision = "fc5698f8fed83910e60ca02dfcce691ece90c56f"
  version = "v1.1.0"

[[projects]]
  branch = "master"
  name = "github.com/apcera/termtables"
  packages = [
    ".",
    "term"
  ]
  revision = "bcbc5dc54055d14996b256d348fb75cc6debe282"

[[projects]]
  name = "github.com/inconshreveable/mousetrap"
  packages = ["."]
  revision = "76626ae9c91c4f2a10f34cad8ce83ea42c93bb75"
  version = "v1.0"

[[projects]]
  name = "github.com/mattn/go-runewidth"
  packages = ["."]
  revision = "9e777a8366cce605130a531d2cd6363d07ad7317"
  version = "v0.0.2"

[[projects]]
  name = "github.com/spf13/cobra"
  packages = ["."]
  revision = "7b2c5ac9fc04fc5efafb60700713d4fa609b777b"
  version = "v0.0.1"

[[projects]]
  name = "github.com/spf13/pflag"
  packages = ["."]
  revision = "e57e3eeb33f795204c1ca35f56c44f83227c6e66"
  version = "v1.0.0"

[solve-meta]
  analyzer-name = "dep"
  analyzer-version = 1
  inputs-digest = "2dfa346b8274e93d9e9274aba125f122c2e9b55274118bbf85cccff0008ccad6"
  solver-name = "gps-cdcl"
  solver-version = 1
